
Microsoft Visual Studio Solution File, Format Version 12.00
# Visual Studio Version 16
VisualStudioVersion = 16.0.29326.143
MinimumVisualStudioVersion = 10.0.40219.1
Project("{888888A0-9F3D-457C-B088-3A5042F75D52}") = "Tic-Tac_Toe", "Tic-Tac_Toe\Tic-Tac_Toe.pyproj", "{4CF9BF49-0182-4A20-80AE-8F37CFA08BBE}"
EndProject
Global
	GlobalSection(SolutionConfigurationPlatforms) = preSolution
		Debug|Any CPU = Debug|Any CPU
		Release|Any CPU = Release|Any CPU
	EndGlobalSection
	GlobalSection(ProjectConfigurationPlatforms) = postSolution
		{4CF9BF49-0182-4A20-80AE-8F37CFA08BBE}.Debug|Any CPU.ActiveCfg = Debug|Any CPU
		{4CF9BF49-0182-4A20-80AE-8F37CFA08BBE}.Release|Any CPU.ActiveCfg = Release|Any CPU
	EndGlobalSection
	GlobalSection(SolutionProperties) = preSolution
		HideSolutionNode = FALSE
	EndGlobalSection
	GlobalSection(ExtensibilityGlobals) = postSolution
		SolutionGuid = {93C63D86-17AE-4189-A1B6-68B0B29255A2}
	EndGlobalSection
EndGlobal
